Microsoft Visual Studio Solution File, Format Version 12.00
# Visual Studio Version 17
VisualStudioVersion = 17.5.2.0
MinimumVisualStudioVersion = 10.0.40219.1
Project("{FAE04EC0-301F-11D3-BF4B-00C04F79EFBC}") = "WebhookGateway.Api", "WebhookGateway.Api.csproj", "{9D12ABD9-01C0-ACCB-9E03-217D34505910}"
EndProject
Global
	GlobalSection(SolutionConfigurationPlatforms) = preSolution
		Debug|Any CPU = Debug|Any CPU
		Release|Any CPU = Release|Any CPU
	EndGlobalSection
	GlobalSection(ProjectConfigurationPlatforms) = postSolution
		{9D12ABD9-01C0-ACCB-9E03-217D34505910}.Debug|Any CPU.ActiveCfg = Debug|Any CPU
		{9D12ABD9-01C0-ACCB-9E03-217D34505910}.Debug|Any CPU.Build.0 = Debug|Any CPU
		{9D12ABD9-01C0-ACCB-9E03-217D34505910}.Release|Any CPU.ActiveCfg = Release|Any CPU
		{9D12ABD9-01C0-ACCB-9E03-217D34505910}.Release|Any CPU.Build.0 = Release|Any CPU
	EndGlobalSection
	GlobalSection(SolutionProperties) = preSolution
		HideSolutionNode = FALSE
	EndGlobalSection
	GlobalSection(ExtensibilityGlobals) = postSolution
		SolutionGuid = {EA735B0C-22FC-46E0-8B84-C6ED5C3C72DD}
	EndGlobalSection
EndGlobal
